
Microsoft Visual Studio Solution File, Format Version 12.00
# Visual Studio Version 17
VisualStudioVersion = 17.9.34902.65
MinimumVisualStudioVersion = 10.0.40219.1
Project("{2150E333-8FDC-42A3-9474-1A3956D46DE8}") = "2 Application", "2 Application", "{12A58777-9536-405C-ABB1-50E2257FB3FB}"
EndProject
Project("{2150E333-8FDC-42A3-9474-1A3956D46DE8}") = "1 Service", "1 Service", "{65D4BB11-6D54-48E6-ADEF-CB1FAC952524}"
EndProject
Project("{2150E333-8FDC-42A3-9474-1A3956D46DE8}") = "3 Core", "3 Core", "{5AA3289D-AF6C-4F7C-B5AA-97ECEFFF005E}"
EndProject
Project("{2150E333-8FDC-42A3-9474-1A3956D46DE8}") = "4 Tests", "4 Tests", "{2B9E9D5C-CBCE-4340-A1F3-85481EBA4124}"
EndProject
Project("{2150E333-8FDC-42A3-9474-1A3956D46DE8}") = "Domain", "Domain", "{11F9ED6E-023A-4318-961F-30979363081A}"
EndProject
Project("{2150E333-8FDC-42A3-9474-1A3956D46DE8}") = "Infrastructure", "Infrastructure", "{A9FEC077-21B8-477F-AF3F-C518491C5815}"
EndProject
Project("{2150E333-8FDC-42A3-9474-1A3956D46DE8}") = "Repositories", "Repositories", "{AC496999-342B-45A2-A88E-871B6C53891F}"
EndProject
Project("{2150E333-8FDC-42A3-9474-1A3956D46DE8}") = "Data", "Data", "{63BA1610-4122-41F6-A547-5F87270EF4F3}"
EndProject
Project("{2150E333-8FDC-42A3-9474-1A3956D46DE8}") = "Configurations", "Configurations", "{C4895793-5A49-4432-8FB6-519EA0B4470F}"
EndProject
Project("{2150E333-8FDC-42A3-9474-1A3956D46DE8}") = "Logging", "Logging", "{BA8DAA32-E578-40E4-AE6B-234D3500D911}"
EndProject
Project("{2150E333-8FDC-42A3-9474-1A3956D46DE8}") = "Application.Tests", "Application.Tests", "{C38A5B8A-5227-4E53-86E7-582D08019D7C}"
EndProject
Project("{2150E333-8FDC-42A3-9474-1A3956D46DE8}") = "Infrastructure.Tests", "Infrastructure.Tests", "{A94CA2E1-A7C2-4F93-A815-19B3298E90CB}"
EndProject
Project("{2150E333-8FDC-42A3-9474-1A3956D46DE8}") = "Services.Test", "Services.Test", "{2E765620-96B7-4FBE-8337-318ED9538B98}"
EndProject
Project("{9A19103F-16F7-4668-BE54-9A1E7A4F7556}") = "ConsultEase.PatientService.Core.Domain", "ConsultEase.PatientService.Core.Domain\ConsultEase.PatientService.Core.Domain.csproj", "{62322EDD-C823-4790-8018-9B879EF245DE}"
EndProject
Project("{2150E333-8FDC-42A3-9474-1A3956D46DE8}") = "DataContext", "DataContext", "{4A623D7A-8F28-4228-AB08-43CE6876818A}"
EndProject
Project("{9A19103F-16F7-4668-BE54-9A1E7A4F7556}") = "ConsultEase.PatientService.Core.Infraestructure.Repositories", "ConsultEase.PatientService.Core.Infraestructure.Repositories\ConsultEase.PatientService.Core.Infraestructure.Repositories.csproj", "{5B077D1E-429E-484C-BF7C-A3E76B1F1126}"
EndProject
Project("{9A19103F-16F7-4668-BE54-9A1E7A4F7556}") = "Services.Test", "Services.Test\Services.Test.csproj", "{42DE3F63-DC74-4C7B-80C8-7A39B9EB6E1A}"
EndProject
Project("{9A19103F-16F7-4668-BE54-9A1E7A4F7556}") = "Infrastructure.Tests", "Infrastructure.Tests\Infrastructure.Tests.csproj", "{3F17CE42-4699-4EAC-A623-99030E4DF76A}"
EndProject
Project("{9A19103F-16F7-4668-BE54-9A1E7A4F7556}") = "ConsultEase.PatientService.Application", "ConsultEase.PatientService.Application\ConsultEase.PatientService.Application.csproj", "{D3898DCC-87C1-46C5-964D-9CE24CE4564C}"
EndProject
Project("{2150E333-8FDC-42A3-9474-1A3956D46DE8}") = "Solution Items", "Solution Items", "{20465AA0-866C-407A-A681-72A263062A50}"
	ProjectSection(SolutionItems) = preProject
		diagram.plantuml = diagram.plantuml
	EndProjectSection
EndProject
Global
	GlobalSection(SolutionConfigurationPlatforms) = preSolution
		Debug|Any CPU = Debug|Any CPU
		Release|Any CPU = Release|Any CPU
	EndGlobalSection
	GlobalSection(ProjectConfigurationPlatforms) = postSolution
		{62322EDD-C823-4790-8018-9B879EF245DE}.Debug|Any CPU.ActiveCfg = Debug|Any CPU
		{62322EDD-C823-4790-8018-9B879EF245DE}.Debug|Any CPU.Build.0 = Debug|Any CPU
		{62322EDD-C823-4790-8018-9B879EF245DE}.Release|Any CPU.ActiveCfg = Release|Any CPU
		{62322EDD-C823-4790-8018-9B879EF245DE}.Release|Any CPU.Build.0 = Release|Any CPU
		{5B077D1E-429E-484C-BF7C-A3E76B1F1126}.Debug|Any CPU.ActiveCfg = Debug|Any CPU
		{5B077D1E-429E-484C-BF7C-A3E76B1F1126}.Debug|Any CPU.Build.0 = Debug|Any CPU
		{5B077D1E-429E-484C-BF7C-A3E76B1F1126}.Release|Any CPU.ActiveCfg = Release|Any CPU
		{5B077D1E-429E-484C-BF7C-A3E76B1F1126}.Release|Any CPU.Build.0 = Release|Any CPU
		{42DE3F63-DC74-4C7B-80C8-7A39B9EB6E1A}.Debug|Any CPU.ActiveCfg = Debug|Any CPU
		{42DE3F63-DC74-4C7B-80C8-7A39B9EB6E1A}.Debug|Any CPU.Build.0 = Debug|Any CPU
		{42DE3F63-DC74-4C7B-80C8-7A39B9EB6E1A}.Release|Any CPU.ActiveCfg = Release|Any CPU
		{42DE3F63-DC74-4C7B-80C8-7A39B9EB6E1A}.Release|Any CPU.Build.0 = Release|Any CPU
		{3F17CE42-4699-4EAC-A623-99030E4DF76A}.Debug|Any CPU.ActiveCfg = Debug|Any CPU
		{3F17CE42-4699-4EAC-A623-99030E4DF76A}.Debug|Any CPU.Build.0 = Debug|Any CPU
		{3F17CE42-4699-4EAC-A623-99030E4DF76A}.Release|Any CPU.ActiveCfg = Release|Any CPU
		{3F17CE42-4699-4EAC-A623-99030E4DF76A}.Release|Any CPU.Build.0 = Release|Any CPU
		{D3898DCC-87C1-46C5-964D-9CE24CE4564C}.Debug|Any CPU.ActiveCfg = Debug|Any CPU
		{D3898DCC-87C1-46C5-964D-9CE24CE4564C}.Debug|Any CPU.Build.0 = Debug|Any CPU
		{D3898DCC-87C1-46C5-964D-9CE24CE4564C}.Release|Any CPU.ActiveCfg = Release|Any CPU
		{D3898DCC-87C1-46C5-964D-9CE24CE4564C}.Release|Any CPU.Build.0 = Release|Any CPU
	EndGlobalSection
	GlobalSection(SolutionProperties) = preSolution
		HideSolutionNode = FALSE
	EndGlobalSection
	GlobalSection(NestedProjects) = preSolution
		{11F9ED6E-023A-4318-961F-30979363081A} = {5AA3289D-AF6C-4F7C-B5AA-97ECEFFF005E}
		{A9FEC077-21B8-477F-AF3F-C518491C5815} = {5AA3289D-AF6C-4F7C-B5AA-97ECEFFF005E}
		{AC496999-342B-45A2-A88E-871B6C53891F} = {A9FEC077-21B8-477F-AF3F-C518491C5815}
		{63BA1610-4122-41F6-A547-5F87270EF4F3} = {A9FEC077-21B8-477F-AF3F-C518491C5815}
		{C4895793-5A49-4432-8FB6-519EA0B4470F} = {A9FEC077-21B8-477F-AF3F-C518491C5815}
		{BA8DAA32-E578-40E4-AE6B-234D3500D911} = {A9FEC077-21B8-477F-AF3F-C518491C5815}
		{C38A5B8A-5227-4E53-86E7-582D08019D7C} = {2B9E9D5C-CBCE-4340-A1F3-85481EBA4124}
		{A94CA2E1-A7C2-4F93-A815-19B3298E90CB} = {2B9E9D5C-CBCE-4340-A1F3-85481EBA4124}
		{2E765620-96B7-4FBE-8337-318ED9538B98} = {2B9E9D5C-CBCE-4340-A1F3-85481EBA4124}
		{62322EDD-C823-4790-8018-9B879EF245DE} = {11F9ED6E-023A-4318-961F-30979363081A}
		{4A623D7A-8F28-4228-AB08-43CE6876818A} = {AC496999-342B-45A2-A88E-871B6C53891F}
		{5B077D1E-429E-484C-BF7C-A3E76B1F1126} = {AC496999-342B-45A2-A88E-871B6C53891F}
		{42DE3F63-DC74-4C7B-80C8-7A39B9EB6E1A} = {2E765620-96B7-4FBE-8337-318ED9538B98}
		{3F17CE42-4699-4EAC-A623-99030E4DF76A} = {A94CA2E1-A7C2-4F93-A815-19B3298E90CB}
		{D3898DCC-87C1-46C5-964D-9CE24CE4564C} = {12A58777-9536-405C-ABB1-50E2257FB3FB}
	EndGlobalSection
	GlobalSection(ExtensibilityGlobals) = postSolution
		SolutionGuid = {5E3E4F7E-DECF-4016-BA6A-DA71D1AD6CB3}
	EndGlobalSection
EndGlobal
